
Microsoft Visual Studio Solution File, Format Version 12.00
# Visual Studio Version 17
VisualStudioVersion = 17.9.34728.123
MinimumVisualStudioVersion = 10.0.40219.1
Project("{FAE04EC0-301F-11D3-BF4B-00C04F79EFBC}") = "TrabajoIntegrador", "TrabajoIntegrador.csproj", "{973FCD41-4C24-472D-A999-EFADF7E29502}"
EndProject
Global
	GlobalSection(SolutionConfigurationPlatforms) = preSolution
		Debug|Any CPU = Debug|Any CPU
		Release|Any CPU = Release|Any CPU
	EndGlobalSection
	GlobalSection(ProjectConfigurationPlatforms) = postSolution
		{973FCD41-4C24-472D-A999-EFADF7E29502}.Debug|Any CPU.ActiveCfg = Debug|Any CPU
		{973FCD41-4C24-472D-A999-EFADF7E29502}.Debug|Any CPU.Build.0 = Debug|Any CPU
		{973FCD41-4C24-472D-A999-EFADF7E29502}.Release|Any CPU.ActiveCfg = Release|Any CPU
		{973FCD41-4C24-472D-A999-EFADF7E29502}.Release|Any CPU.Build.0 = Release|Any CPU
	EndGlobalSection
	GlobalSection(SolutionProperties) = preSolution
		HideSolutionNode = FALSE
	EndGlobalSection
	GlobalSection(ExtensibilityGlobals) = postSolution
		SolutionGuid = {149DDE54-744C-4948-815C-39648DC40827}
	EndGlobalSection
EndGlobal
